# This file is automatically @generated by Poetry 1.8.2 and should not be changed by hand.

[[package]]
name = "bcrypt"
version = "4.1.3"
description = "Modern password hashing for your software and your servers"
optional = false
python-versions = ">=3.7"
files = [
    {file = "bcrypt-4.1.3-cp37-abi3-macosx_10_12_universal2.whl", hash = "sha256:48429c83292b57bf4af6ab75809f8f4daf52aa5d480632e53707805cc1ce9b74"},
    {file = "bcrypt-4.1.3-cp37-abi3-manylinux_2_17_aarch64.manylinux2014_aarch64.whl", hash = "sha256:4a8bea4c152b91fd8319fef4c6a790da5c07840421c2b785084989bf8bbb7455"},
    {file = "bcrypt-4.1.3-cp37-abi3-manylinux_2_17_x86_64.manylinux2014_x86_64.whl", hash = "sha256:3d3b317050a9a711a5c7214bf04e28333cf528e0ed0ec9a4e55ba628d0f07c1a"},
    {file = "bcrypt-4.1.3-cp37-abi3-manylinux_2_28_aarch64.whl", hash = "sha256:094fd31e08c2b102a14880ee5b3d09913ecf334cd604af27e1013c76831f7b05"},
    {file = "bcrypt-4.1.3-cp37-abi3-manylinux_2_28_x86_64.whl", hash = "sha256:4fb253d65da30d9269e0a6f4b0de32bd657a0208a6f4e43d3e645774fb5457f3"},
    {file = "bcrypt-4.1.3-cp37-abi3-musllinux_1_1_aarch64.whl", hash = "sha256:193bb49eeeb9c1e2db9ba65d09dc6384edd5608d9d672b4125e9320af9153a15"},
    {file = "bcrypt-4.1.3-cp37-abi3-musllinux_1_1_x86_64.whl", hash = "sha256:8cbb119267068c2581ae38790e0d1fbae65d0725247a930fc9900c285d95725d"},
    {file = "bcrypt-4.1.3-cp37-abi3-musllinux_1_2_aarch64.whl", hash = "sha256:6cac78a8d42f9d120b3987f82252bdbeb7e6e900a5e1ba37f6be6fe4e3848286"},
    {file = "bcrypt-4.1.3-cp37-abi3-musllinux_1_2_x86_64.whl", hash = "sha256:01746eb2c4299dd0ae1670234bf77704f581dd72cc180f444bfe74eb80495b64"},
    {file = "bcrypt-4.1.3-cp37-abi3-win32.whl", hash = "sha256:037c5bf7c196a63dcce75545c8874610c600809d5d82c305dd327cd4969995bf"},
    {file = "bcrypt-4.1.3-cp37-abi3-win_amd64.whl", hash = "sha256:8a893d192dfb7c8e883c4576813bf18bb9d59e2cfd88b68b725990f033f1b978"},
    {file = "bcrypt-4.1.3-cp39-abi3-macosx_10_12_universal2.whl", hash = "sha256:0d4cf6ef1525f79255ef048b3489602868c47aea61f375377f0d00514fe4a78c"},
    {file = "bcrypt-4.1.3-cp39-abi3-manylinux_2_17_aarch64.manylinux2014_aarch64.whl", hash = "sha256:f5698ce5292a4e4b9e5861f7e53b1d89242ad39d54c3da451a93cac17b61921a"},
    {file = "bcrypt-4.1.3-cp39-abi3-manylinux_2_17_x86_64.manylinux2014_x86_64.whl", hash = "sha256:ec3c2e1ca3e5c4b9edb94290b356d082b721f3f50758bce7cce11d8a7c89ce84"},
    {file = "bcrypt-4.1.3-cp39-abi3-manylinux_2_28_aarch64.whl", hash = "sha256:3a5be252fef513363fe281bafc596c31b552cf81d04c5085bc5dac29670faa08"},
    {file = "bcrypt-4.1.3-cp39-abi3-manylinux_2_28_x86_64.whl", hash = "sha256:5f7cd3399fbc4ec290378b541b0cf3d4398e4737a65d0f938c7c0f9d5e686611"},
    {file = "bcrypt-4.1.3-cp39-abi3-musllinux_1_1_aarch64.whl", hash = "sha256:c4c8d9b3e97209dd7111bf726e79f638ad9224b4691d1c7cfefa571a09b1b2d6"},
    {file = "bcrypt-4.1.3-cp39-abi3-musllinux_1_1_x86_64.whl", hash = "sha256:31adb9cbb8737a581a843e13df22ffb7c84638342de3708a98d5c986770f2834"},
    {file = "bcrypt-4.1.3-cp39-abi3-musllinux_1_2_aarch64.whl", hash = "sha256:551b320396e1d05e49cc18dd77d970accd52b322441628aca04801bbd1d52a73"},
    {file = "bcrypt-4.1.3-cp39-abi3-musllinux_1_2_x86_64.whl", hash = "sha256:6717543d2c110a155e6821ce5670c1f512f602eabb77dba95717ca76af79867d"},
    {file = "bcrypt-4.1.3-cp39-abi3-win32.whl", hash = "sha256:6004f5229b50f8493c49232b8e75726b568535fd300e5039e255d919fc3a07f2"},
    {file = "bcrypt-4.1.3-cp39-abi3-win_amd64.whl", hash = "sha256:2505b54afb074627111b5a8dc9b6ae69d0f01fea65c2fcaea403448c503d3991"},
    {file = "bcrypt-4.1.3-pp310-pypy310_pp73-manylinux_2_28_aarch64.whl", hash = "sha256:cb9c707c10bddaf9e5ba7cdb769f3e889e60b7d4fea22834b261f51ca2b89fed"},
    {file = "bcrypt-4.1.3-pp310-pypy310_pp73-manylinux_2_28_x86_64.whl", hash = "sha256:9f8ea645eb94fb6e7bea0cf4ba121c07a3a182ac52876493870033141aa687bc"},
    {file = "bcrypt-4.1.3-pp39-pypy39_pp73-manylinux_2_28_aarch64.whl", hash = "sha256:f44a97780677e7ac0ca393bd7982b19dbbd8d7228c1afe10b128fd9550eef5f1"},
    {file = "bcrypt-4.1.3-pp39-pypy39_pp73-manylinux_2_28_x86_64.whl", hash = "sha256:d84702adb8f2798d813b17d8187d27076cca3cd52fe3686bb07a9083930ce650"},
    {file = "bcrypt-4.1.3.tar.gz", hash = "sha256:2ee15dd749f5952fe3f0430d0ff6b74082e159c50332a1413d51b5689cf06623"},
]

[package.extras]
tests = ["pytest (>=3.2.1,!=3.3.0)"]
typecheck = ["mypy"]

[[package]]
name = "dnspython"
version = "2.6.1"
description = "DNS toolkit"
optional = false
python-versions = ">=3.8"
files = [
    {file = "dnspython-2.6.1-py3-none-any.whl", hash = "sha256:5ef3b9680161f6fa89daf8ad451b5f1a33b18ae8a1c6778cdf4b43f08c0a6e50"},
    {file = "dnspython-2.6.1.tar.gz", hash = "sha256:e8f0f9c23a7b7cb99ded64e6c3a6f3e701d78f50c55e002b839dea7225cff7cc"},
]

[package.extras]
dev = ["black (>=23.1.0)", "coverage (>=7.0)", "flake8 (>=7)", "mypy (>=1.8)", "pylint (>=3)", "pytest (>=7.4)", "pytest-cov (>=4.1.0)", "sphinx (>=7.2.0)", "twine (>=4.0.0)", "wheel (>=0.42.0)"]
dnssec = ["cryptography (>=41)"]
doh = ["h2 (>=4.1.0)", "httpcore (>=1.0.0)", "httpx (>=0.26.0)"]
doq = ["aioquic (>=0.9.25)"]
idna = ["idna (>=3.6)"]
trio = ["trio (>=0.23)"]
wmi = ["wmi (>=1.5.1)"]

[[package]]
name = "mongoengine"
version = "0.28.2"
description = "MongoEngine is a Python Object-Document Mapper for working with MongoDB."
optional = false
python-versions = ">=3.7"
files = [
    {file = "mongoengine-0.28.2-py3-none-any.whl", hash = "sha256:8e0f84a5ad3d335e5da98261454d4ab546c866241ed064adc6433fe2077d43c9"},
    {file = "mongoengine-0.28.2.tar.gz", hash = "sha256:67c35a2ebe0ee7fd8eda3766dc251b9e0aada4489bb935f7a55b4c570d148ca7"},
]

[package.dependencies]
pymongo = ">=3.4,<5.0"

[[package]]
name = "pika"
version = "1.3.2"
description = "Pika Python AMQP Client Library"
optional = false
python-versions = ">=3.7"
files = [
    {file = "pika-1.3.2-py3-none-any.whl", hash = "sha256:0779a7c1fafd805672796085560d290213a465e4f6f76a6fb19e378d8041a14f"},
    {file = "pika-1.3.2.tar.gz", hash = "sha256:b2a327ddddf8570b4965b3576ac77091b850262d34ce8c1d8cb4e4146aa4145f"},
]

[package.extras]
gevent = ["gevent"]
tornado = ["tornado"]
twisted = ["twisted"]

[[package]]
name = "pymongo"
version = "4.7.2"
description = "Python driver for MongoDB <http://www.mongodb.org>"
optional = false
python-versions = ">=3.7"
files = [
    {file = "pymongo-4.7.2-cp310-cp310-macosx_10_9_x86_64.whl", hash = "sha256:268d8578c0500012140c5460755ea405cbfe541ef47c81efa9d6744f0f99aeca"},
    {file = "pymongo-4.7.2-cp310-cp310-macosx_11_0_arm64.whl", hash = "sha256:827611beb6c483260d520cfa6a49662d980dfa5368a04296f65fa39e78fccea7"},
    {file = "pymongo-4.7.2-cp310-cp310-manylinux_2_17_aarch64.manylinux2014_aarch64.whl", hash = "sha256:a754e366c404d19ff3f077ddeed64be31e0bb515e04f502bf11987f1baa55a16"},
    {file = "pymongo-4.7.2-cp310-cp310-manylinux_2_17_ppc64le.manylinux2014_ppc64le.whl", hash = "sha256:c44efab10d9a3db920530f7bcb26af8f408b7273d2f0214081d3891979726328"},
    {file = "pymongo-4.7.2-cp310-cp310-manylinux_2_17_s390x.manylinux2014_s390x.whl", hash = "sha256:35b3f0c7d49724859d4df5f0445818d525824a6cd55074c42573d9b50764df67"},
    {file = "pymongo-4.7.2-cp310-cp310-manylinux_2_17_x86_64.manylinux2014_x86_64.whl", hash = "sha256:1e37faf298a37ffb3e0809e77fbbb0a32b6a2d18a83c59cfc2a7b794ea1136b0"},
    {file = "pymongo-4.7.2-cp310-cp310-manylinux_2_5_i686.manylinux1_i686.manylinux_2_17_i686.manylinux2014_i686.whl", hash = "sha256:d1bcd58669e56c08f1e72c5758868b5df169fe267501c949ee83c418e9df9155"},
    {file = "pymongo-4.7.2-cp310-cp310-win32.whl", hash = "sha256:c72d16fede22efe7cdd1f422e8da15760e9498024040429362886f946c10fe95"},
    {file = "pymongo-4.7.2-cp310-cp310-win_amd64.whl", hash = "sha256:12d1fef77d25640cb78893d07ff7d2fac4c4461d8eec45bd3b9ad491a1115d6e"},
    {file = "pymongo-4.7.2-cp311-cp311-macosx_10_9_x86_64.whl", hash = "sha256:fc5af24fcf5fc6f7f40d65446400d45dd12bea933d0299dc9e90c5b22197f1e9"},
    {file = "pymongo-4.7.2-cp311-cp311-macosx_11_0_arm64.whl", hash = "sha256:730778b6f0964b164c187289f906bbc84cb0524df285b7a85aa355bbec43eb21"},
    {file = "pymongo-4.7.2-cp311-cp311-manylinux_2_17_aarch64.manylinux2014_aarch64.whl", hash = "sha256:47a1a4832ef2f4346dcd1a10a36ade7367ad6905929ddb476459abb4fd1b98cb"},
    {file = "pymongo-4.7.2-cp311-cp311-manylinux_2_17_ppc64le.manylinux2014_ppc64le.whl", hash = "sha256:e6eab12c6385526d386543d6823b07187fefba028f0da216506e00f0e1855119"},
    {file = "pymongo-4.7.2-cp311-cp311-manylinux_2_17_s390x.manylinux2014_s390x.whl", hash = "sha256:37e9ea81fa59ee9274457ed7d59b6c27f6f2a5fe8e26f184ecf58ea52a019cb8"},
    {file = "pymongo-4.7.2-cp311-cp311-manylinux_2_17_x86_64.manylinux2014_x86_64.whl", hash = "sha256:7e9d9d2c0aae73aa4369bd373ac2ac59f02c46d4e56c4b6d6e250cfe85f76802"},
    {file = "pymongo-4.7.2-cp311-cp311-manylinux_2_5_i686.manylinux1_i686.manylinux_2_17_i686.manylinux2014_i686.whl", hash = "sha256:cb6e00a79dff22c9a72212ad82021b54bdb3b85f38a85f4fc466bde581d7d17a"},
    {file = "pymongo-4.7.2-cp311-cp311-win32.whl", hash = "sha256:02efd1bb3397e24ef2af45923888b41a378ce00cb3a4259c5f4fc3c70497a22f"},
    {file = "pymongo-4.7.2-cp311-cp311-win_amd64.whl", hash = "sha256:87bb453ac3eb44db95cb6d5a616fbc906c1c00661eec7f55696253a6245beb8a"},
    {file = "pymongo-4.7.2-cp312-cp312-macosx_10_9_x86_64.whl", hash = "sha256:12c466e02133b7f8f4ff1045c6b5916215c5f7923bc83fd6e28e290cba18f9f6"},
    {file = "pymongo-4.7.2-cp312-cp312-macosx_11_0_arm64.whl", hash = "sha256:f91073049c43d14e66696970dd708d319b86ee57ef9af359294eee072abaac79"},
    {file = "pymongo-4.7.2-cp312-cp312-manylinux_2_17_aarch64.manylinux2014_aarch64.whl", hash = "sha256:87032f818bf5052ab742812c715eff896621385c43f8f97cdd37d15b5d394e95"},
    {file = "pymongo-4.7.2-cp312-cp312-manylinux_2_17_ppc64le.manylinux2014_ppc64le.whl", hash = "sha256:6a87eef394039765679f75c6a47455a4030870341cb76eafc349c5944408c882"},
    {file = "pymongo-4.7.2-cp312-cp312-manylinux_2_17_s390x.manylinux2014_s390x.whl", hash = "sha256:d275596f840018858757561840767b39272ac96436fcb54f5cac6d245393fd97"},
    {file = "pymongo-4.7.2-cp312-cp312-manylinux_2_17_x86_64.manylinux2014_x86_64.whl", hash = "sha256:82102e353be13f1a6769660dd88115b1da382447672ba1c2662a0fbe3df1d861"},
    {file = "pymongo-4.7.2-cp312-cp312-manylinux_2_5_i686.manylinux1_i686.manylinux_2_17_i686.manylinux2014_i686.whl", hash = "sha256:194065c9d445017b3c82fb85f89aa2055464a080bde604010dc8eb932a6b3c95"},
    {file = "pymongo-4.7.2-cp312-cp312-win32.whl", hash = "sha256:db4380d1e69fdad1044a4b8f3bb105200542c49a0dde93452d938ff9db1d6d29"},
    {file = "pymongo-4.7.2-cp312-cp312-win_amd64.whl", hash = "sha256:fadc6e8db7707c861ebe25b13ad6aca19ea4d2c56bf04a26691f46c23dadf6e4"},
    {file = "pymongo-4.7.2-cp37-cp37m-macosx_10_9_x86_64.whl", hash = "sha256:2cb77d09bd012cb4b30636e7e38d00b5f9be5eb521c364bde66490c45ee6c4b4"},
    {file = "pymongo-4.7.2-cp37-cp37m-manylinux_2_17_aarch64.manylinux2014_aarch64.whl", hash = "sha256:56bf8b706946952acdea0fe478f8e44f1ed101c4b87f046859e6c3abe6c0a9f4"},
    {file = "pymongo-4.7.2-cp37-cp37m-manylinux_2_17_ppc64le.manylinux2014_ppc64le.whl", hash = "sha256:bcf337d1b252405779d9c79978d6ca15eab3cdaa2f44c100a79221bddad97c8a"},
    {file = "pymongo-4.7.2-cp37-cp37m-manylinux_2_17_s390x.manylinux2014_s390x.whl", hash = "sha256:4ffd1519edbe311df73c74ec338de7d294af535b2748191c866ea3a7c484cd15"},
    {file = "pymongo-4.7.2-cp37-cp37m-manylinux_2_17_x86_64.manylinux2014_x86_64.whl", hash = "sha256:d4d59776f435564159196d971aa89422ead878174aff8fe18e06d9a0bc6d648c"},
    {file = "pymongo-4.7.2-cp37-cp37m-manylinux_2_5_i686.manylinux1_i686.manylinux_2_17_i686.manylinux2014_i686.whl", hash = "sha256:347c49cf7f0ba49ea87c1a5a1984187ecc5516b7c753f31938bf7b37462824fd"},
    {file = "pymongo-4.7.2-cp37-cp37m-manylinux_2_5_i686.manylinux1_i686.whl", hash = "sha256:84bc00200c3cbb6c98a2bb964c9e8284b641e4a33cf10c802390552575ee21de"},
    {file = "pymongo-4.7.2-cp37-cp37m-manylinux_2_5_x86_64.manylinux1_x86_64.whl", hash = "sha256:fcaf8c911cb29316a02356f89dbc0e0dfcc6a712ace217b6b543805690d2aefd"},
    {file = "pymongo-4.7.2-cp37-cp37m-win32.whl", hash = "sha256:b48a5650ee5320d59f6d570bd99a8d5c58ac6f297a4e9090535f6561469ac32e"},
    {file = "pymongo-4.7.2-cp37-cp37m-win_amd64.whl", hash = "sha256:5239ef7e749f1326ea7564428bf861d5250aa39d7f26d612741b1b1273227062"},
    {file = "pymongo-4.7.2-cp38-cp38-macosx_10_9_x86_64.whl", hash = "sha256:d2dcf608d35644e8d276d61bf40a93339d8d66a0e5f3e3f75b2c155a421a1b71"},
    {file = "pymongo-4.7.2-cp38-cp38-macosx_11_0_arm64.whl", hash = "sha256:25eeb2c18ede63891cbd617943dd9e6b9cbccc54f276e0b2e693a0cc40f243c5"},
    {file = "pymongo-4.7.2-cp38-cp38-manylinux_2_17_aarch64.manylinux2014_aarch64.whl", hash = "sha256:9349f0bb17a31371d4cacb64b306e4ca90413a3ad1fffe73ac7cd495570d94b5"},
    {file = "pymongo-4.7.2-cp38-cp38-manylinux_2_17_ppc64le.manylinux2014_ppc64le.whl", hash = "sha256:ffd4d7cb2e6c6e100e2b39606d38a9ffc934e18593dc9bb326196afc7d93ce3d"},
    {file = "pymongo-4.7.2-cp38-cp38-manylinux_2_17_s390x.manylinux2014_s390x.whl", hash = "sha256:9a8bd37f5dabc86efceb8d8cbff5969256523d42d08088f098753dba15f3b37a"},
    {file = "pymongo-4.7.2-cp38-cp38-manylinux_2_17_x86_64.manylinux2014_x86_64.whl", hash = "sha256:1c78f156edc59b905c80c9003e022e1a764c54fd40ac4fea05b0764f829790e2"},
    {file = "pymongo-4.7.2-cp38-cp38-manylinux_2_5_i686.manylinux1_i686.manylinux_2_17_i686.manylinux2014_i686.whl", hash = "sha256:9d892fb91e81cccb83f507cdb2ea0aa026ec3ced7f12a1d60f6a5bf0f20f9c1f"},
    {file = "pymongo-4.7.2-cp38-cp38-manylinux_2_5_i686.manylinux1_i686.whl", hash = "sha256:87832d6076c2c82f42870157414fd876facbb6554d2faf271ffe7f8f30ce7bed"},
    {file = "pymongo-4.7.2-cp38-cp38-manylinux_2_5_x86_64.manylinux1_x86_64.whl", hash = "sha256:ce1a374ea0e49808e0380ffc64284c0ce0f12bd21042b4bef1af3eb7bdf49054"},
    {file = "pymongo-4.7.2-cp38-cp38-win32.whl", hash = "sha256:eb0642e5f0dd7e86bb358749cc278e70b911e617f519989d346f742dc9520dfb"},
    {file = "pymongo-4.7.2-cp38-cp38-win_amd64.whl", hash = "sha256:4bdb5ffe1cd3728c9479671a067ef44dacafc3743741d4dc700c377c4231356f"},
    {file = "pymongo-4.7.2-cp39-cp39-macosx_10_9_x86_64.whl", hash = "sha256:743552033c63f0afdb56b9189ab04b5c1dbffd7310cf7156ab98eebcecf24621"},
    {file = "pymongo-4.7.2-cp39-cp39-macosx_11_0_arm64.whl", hash = "sha256:5239776633f7578b81207e5646245415a5a95f6ae5ef5dff8e7c2357e6264bfc"},
    {file = "pymongo-4.7.2-cp39-cp39-manylinux_2_17_aarch64.manylinux2014_aarch64.whl", hash = "sha256:727ad07952c155cd20045f2ce91143c7dc4fb01a5b4e8012905a89a7da554b0c"},
    {file = "pymongo-4.7.2-cp39-cp39-manylinux_2_17_ppc64le.manylinux2014_ppc64le.whl", hash = "sha256:9385654f01a90f73827af4db90c290a1519f7d9102ba43286e187b373e9a78e9"},
    {file = "pymongo-4.7.2-cp39-cp39-manylinux_2_17_s390x.manylinux2014_s390x.whl", hash = "sha256:0d833651f1ba938bb7501f13e326b96cfbb7d98867b2d545ca6d69c7664903e0"},
    {file = "pymongo-4.7.2-cp39-cp39-manylinux_2_17_x86_64.manylinux2014_x86_64.whl", hash = "sha256:cf17ea9cea14d59b0527403dd7106362917ced7c4ec936c4ba22bd36c912c8e0"},
    {file = "pymongo-4.7.2-cp39-cp39-manylinux_2_5_i686.manylinux1_i686.manylinux_2_17_i686.manylinux2014_i686.whl", hash = "sha256:cecd2df037249d1c74f0af86fb5b766104a5012becac6ff63d85d1de53ba8b98"},
    {file = "pymongo-4.7.2-cp39-cp39-manylinux_2_5_i686.manylinux1_i686.whl", hash = "sha256:65b4c00dedbd333698b83cd2095a639a6f0d7c4e2a617988f6c65fb46711f028"},
    {file = "pymongo-4.7.2-cp39-cp39-manylinux_2_5_x86_64.manylinux1_x86_64.whl", hash = "sha256:d9b6cbc037108ff1a0a867e7670d8513c37f9bcd9ee3d2464411bfabf70ca002"},
    {file = "pymongo-4.7.2-cp39-cp39-win32.whl", hash = "sha256:cf28430ec1924af1bffed37b69a812339084697fd3f3e781074a0148e6475803"},
    {file = "pymongo-4.7.2-cp39-cp39-win_amd64.whl", hash = "sha256:e004527ea42a6b99a8b8d5b42b42762c3bdf80f88fbdb5c3a9d47f3808495b86"},
    {file = "pymongo-4.7.2.tar.gz", hash = "sha256:9024e1661c6e40acf468177bf90ce924d1bc681d2b244adda3ed7b2f4c4d17d7"},
]

[package.dependencies]
dnspython = ">=1.16.0,<3.0.0"

[package.extras]
aws = ["pymongo-auth-aws (>=1.1.0,<2.0.0)"]
encryption = ["certifi", "pymongo-auth-aws (>=1.1.0,<2.0.0)", "pymongocrypt (>=1.6.0,<2.0.0)"]
gssapi = ["pykerberos", "winkerberos (>=0.5.0)"]
ocsp = ["certifi", "cryptography (>=2.5)", "pyopenssl (>=17.2.0)", "requests (<3.0.0)", "service-identity (>=18.1.0)"]
snappy = ["python-snappy"]
test = ["pytest (>=7)"]
zstd = ["zstandard"]

[metadata]
lock-version = "2.0"
python-versions = "^3.11"
content-hash = "8376715f826949c6c2952d06b1972f4547610c923c17f2f98c6d9ffe614e7b18"
